
Microsoft Visual Studio Solution File, Format Version 12.00
# Visual Studio Version 17
VisualStudioVersion = 17.5.002.0
MinimumVisualStudioVersion = 10.0.40219.1
Project("{2150E333-8FDC-42A3-9474-1A3956D46DE8}") = "01-string-methods-homework", "01-string-methods-homework", "{50009DCA-C334-48E4-B444-3E7465F2D7A0}"
EndProject
Project("{9A19103F-16F7-4668-BE54-9A1E7A4F7556}") = "Soru01", "01-string-methods-homework\Soru01\Soru01.csproj", "{C1EBB18B-1243-4F1F-A378-E72175486785}"
EndProject
Project("{9A19103F-16F7-4668-BE54-9A1E7A4F7556}") = "Soru02", "01-string-methods-homework\Soru02\Soru02.csproj", "{CE48E0B9-A35F-4B68-B291-B8F8A2AE37F2}"
EndProject
Project("{9A19103F-16F7-4668-BE54-9A1E7A4F7556}") = "Soru03", "01-string-methods-homework\Soru03\Soru03.csproj", "{1A723BE9-7098-4BCE-BA90-603002C8AFAE}"
EndProject
Project("{9A19103F-16F7-4668-BE54-9A1E7A4F7556}") = "soru04", "01-string-methods-homework\soru04\soru04.csproj", "{288B9B11-1D2A-40F7-9787-C51D28A5A060}"
EndProject
Project("{9A19103F-16F7-4668-BE54-9A1E7A4F7556}") = "Soru05", "01-string-methods-homework\Soru05\Soru05.csproj", "{94E18796-B58C-422E-8513-7B993014212B}"
EndProject
Project("{2150E333-8FDC-42A3-9474-1A3956D46DE8}") = "02-number-methods-homework.md", "02-number-methods-homework.md", "{640BCB60-0EAF-4B44-93D6-0B320EACBFCF}"
EndProject
Project("{9A19103F-16F7-4668-BE54-9A1E7A4F7556}") = "Soru01", "02-number-methods-homework.md\Soru01\Soru01.csproj", "{CB2412A1-044F-4216-B44B-C3232F7E008E}"
EndProject
Global
	GlobalSection(SolutionConfigurationPlatforms) = preSolution
		Debug|Any CPU = Debug|Any CPU
		Release|Any CPU = Release|Any CPU
	EndGlobalSection
	GlobalSection(ProjectConfigurationPlatforms) = postSolution
		{C1EBB18B-1243-4F1F-A378-E72175486785}.Debug|Any CPU.ActiveCfg = Debug|Any CPU
		{C1EBB18B-1243-4F1F-A378-E72175486785}.Debug|Any CPU.Build.0 = Debug|Any CPU
		{C1EBB18B-1243-4F1F-A378-E72175486785}.Release|Any CPU.ActiveCfg = Release|Any CPU
		{C1EBB18B-1243-4F1F-A378-E72175486785}.Release|Any CPU.Build.0 = Release|Any CPU
		{CE48E0B9-A35F-4B68-B291-B8F8A2AE37F2}.Debug|Any CPU.ActiveCfg = Debug|Any CPU
		{CE48E0B9-A35F-4B68-B291-B8F8A2AE37F2}.Debug|Any CPU.Build.0 = Debug|Any CPU
		{CE48E0B9-A35F-4B68-B291-B8F8A2AE37F2}.Release|Any CPU.ActiveCfg = Release|Any CPU
		{CE48E0B9-A35F-4B68-B291-B8F8A2AE37F2}.Release|Any CPU.Build.0 = Release|Any CPU
		{1A723BE9-7098-4BCE-BA90-603002C8AFAE}.Debug|Any CPU.ActiveCfg = Debug|Any CPU
		{1A723BE9-7098-4BCE-BA90-603002C8AFAE}.Debug|Any CPU.Build.0 = Debug|Any CPU
		{1A723BE9-7098-4BCE-BA90-603002C8AFAE}.Release|Any CPU.ActiveCfg = Release|Any CPU
		{1A723BE9-7098-4BCE-BA90-603002C8AFAE}.Release|Any CPU.Build.0 = Release|Any CPU
		{288B9B11-1D2A-40F7-9787-C51D28A5A060}.Debug|Any CPU.ActiveCfg = Debug|Any CPU
		{288B9B11-1D2A-40F7-9787-C51D28A5A060}.Debug|Any CPU.Build.0 = Debug|Any CPU
		{288B9B11-1D2A-40F7-9787-C51D28A5A060}.Release|Any CPU.ActiveCfg = Release|Any CPU
		{288B9B11-1D2A-40F7-9787-C51D28A5A060}.Release|Any CPU.Build.0 = Release|Any CPU
		{94E18796-B58C-422E-8513-7B993014212B}.Debug|Any CPU.ActiveCfg = Debug|Any CPU
		{94E18796-B58C-422E-8513-7B993014212B}.Debug|Any CPU.Build.0 = Debug|Any CPU
		{94E18796-B58C-422E-8513-7B993014212B}.Release|Any CPU.ActiveCfg = Release|Any CPU
		{94E18796-B58C-422E-8513-7B993014212B}.Release|Any CPU.Build.0 = Release|Any CPU
		{CB2412A1-044F-4216-B44B-C3232F7E008E}.Debug|Any CPU.ActiveCfg = Debug|Any CPU
		{CB2412A1-044F-4216-B44B-C3232F7E008E}.Debug|Any CPU.Build.0 = Debug|Any CPU
		{CB2412A1-044F-4216-B44B-C3232F7E008E}.Release|Any CPU.ActiveCfg = Release|Any CPU
		{CB2412A1-044F-4216-B44B-C3232F7E008E}.Release|Any CPU.Build.0 = Release|Any CPU
	EndGlobalSection
	GlobalSection(SolutionProperties) = preSolution
		HideSolutionNode = FALSE
	EndGlobalSection
	GlobalSection(NestedProjects) = preSolution
		{C1EBB18B-1243-4F1F-A378-E72175486785} = {50009DCA-C334-48E4-B444-3E7465F2D7A0}
		{CE48E0B9-A35F-4B68-B291-B8F8A2AE37F2} = {50009DCA-C334-48E4-B444-3E7465F2D7A0}
		{1A723BE9-7098-4BCE-BA90-603002C8AFAE} = {50009DCA-C334-48E4-B444-3E7465F2D7A0}
		{288B9B11-1D2A-40F7-9787-C51D28A5A060} = {50009DCA-C334-48E4-B444-3E7465F2D7A0}
		{94E18796-B58C-422E-8513-7B993014212B} = {50009DCA-C334-48E4-B444-3E7465F2D7A0}
		{CB2412A1-044F-4216-B44B-C3232F7E008E} = {640BCB60-0EAF-4B44-93D6-0B320EACBFCF}
	EndGlobalSection
	GlobalSection(ExtensibilityGlobals) = postSolution
		SolutionGuid = {86D59A45-1C8E-4EBE-A80A-FC97487A80C3}
	EndGlobalSection
EndGlobal
